
Microsoft Visual Studio Solution File, Format Version 12.00
# Visual Studio 15
Project("{FAE04EC0-301F-11D3-BF4B-00C04F79EFBC}") = "UnityEngine.UI", "UnityEngine.UI.csproj", "{F078A78B-0754-5236-14CF-A9E3B9AC455C}"
EndProject
Project("{FAE04EC0-301F-11D3-BF4B-00C04F79EFBC}") = "Unity.RenderPipelines.Core.Runtime", "Unity.RenderPipelines.Core.Runtime.csproj", "{011AD870-4A4E-1713-F134-8280B526FDF4}"
EndProject
Project("{FAE04EC0-301F-11D3-BF4B-00C04F79EFBC}") = "Unity.RenderPipelines.Universal.Runtime", "Unity.RenderPipelines.Universal.Runtime.csproj", "{2D00D3D7-3717-AD68-E997-22A6846904DC}"
EndProject
Project("{FAE04EC0-301F-11D3-BF4B-00C04F79EFBC}") = "Unity.RenderPipeline.Universal.ShaderLibrary", "Unity.RenderPipeline.Universal.ShaderLibrary.csproj", "{4E217833-67CC-E5FC-A090-DFCDB7DB251D}"
EndProject
Project("{FAE04EC0-301F-11D3-BF4B-00C04F79EFBC}") = "Assembly-CSharp", "Assembly-CSharp.csproj", "{796FEAF2-95DA-682A-C7BD-D54F3E875F32}"
EndProject
Project("{FAE04EC0-301F-11D3-BF4B-00C04F79EFBC}") = "Unity.RenderPipelines.Core.ShaderLibrary", "Unity.RenderPipelines.Core.ShaderLibrary.csproj", "{8AC06163-2685-55D2-7946-D3396CBA9D9E}"
EndProject
Project("{FAE04EC0-301F-11D3-BF4B-00C04F79EFBC}") = "Unity.RenderPipelines.Universal.Shaders", "Unity.RenderPipelines.Universal.Shaders.csproj", "{739E3B94-58B5-748B-B9E3-FC14B09D0185}"
EndProject
Project("{FAE04EC0-301F-11D3-BF4B-00C04F79EFBC}") = "Unity.RenderPipelines.ShaderGraph.ShaderGraphLibrary", "Unity.RenderPipelines.ShaderGraph.ShaderGraphLibrary.csproj", "{E697D2D6-8252-038A-18B8-53EB50369C62}"
EndProject
Project("{FAE04EC0-301F-11D3-BF4B-00C04F79EFBC}") = "Unity.ShaderGraph.Editor", "Unity.ShaderGraph.Editor.csproj", "{3027750A-1C7C-68BF-F9D2-0E8DB1AC3EE1}"
EndProject
Project("{FAE04EC0-301F-11D3-BF4B-00C04F79EFBC}") = "Unity.RenderPipelines.Universal.Editor", "Unity.RenderPipelines.Universal.Editor.csproj", "{0E3197FE-DE3E-864E-9BB8-758C0C78EBC4}"
EndProject
Project("{FAE04EC0-301F-11D3-BF4B-00C04F79EFBC}") = "Unity.RenderPipelines.Core.Editor", "Unity.RenderPipelines.Core.Editor.csproj", "{453B010A-FA41-D5B4-9AE8-A436C9A3B344}"
EndProject
Project("{FAE04EC0-301F-11D3-BF4B-00C04F79EFBC}") = "Unity.2D.Tilemap.Editor", "Unity.2D.Tilemap.Editor.csproj", "{87EA31F5-BF43-A113-203D-4D6B7D81450F}"
EndProject
Project("{FAE04EC0-301F-11D3-BF4B-00C04F79EFBC}") = "Unity.2D.Sprite.Editor", "Unity.2D.Sprite.Editor.csproj", "{9DAD1398-456E-A7B6-5705-0C63EDE445CF}"
EndProject
Project("{FAE04EC0-301F-11D3-BF4B-00C04F79EFBC}") = "UnityEditor.UI", "UnityEditor.UI.csproj", "{11CDAF9F-B0E7-A45A-F507-64526D6DB6CA}"
EndProject
Project("{FAE04EC0-301F-11D3-BF4B-00C04F79EFBC}") = "PPv2URPConverters", "PPv2URPConverters.csproj", "{9EA41EAB-E6E6-E256-6E19-DD724CFF4C90}"
EndProject
Project("{FAE04EC0-301F-11D3-BF4B-00C04F79EFBC}") = "Unity.ShaderGraph.Utilities", "Unity.ShaderGraph.Utilities.csproj", "{26A42CF3-DEEF-6B9E-A794-21AC3690D515}"
EndProject
Global
	GlobalSection(SolutionConfigurationPlatforms) = preSolution
		Debug|Any CPU = Debug|Any CPU
		Release|Any CPU = Release|Any CPU
	EndGlobalSection
	GlobalSection(ProjectConfigurationPlatforms) = postSolution
		{F078A78B-0754-5236-14CF-A9E3B9AC455C}.Debug|Any CPU.ActiveCfg = Debug|Any CPU
		{F078A78B-0754-5236-14CF-A9E3B9AC455C}.Debug|Any CPU.Build.0 = Debug|Any CPU
		{F078A78B-0754-5236-14CF-A9E3B9AC455C}.Release|Any CPU.ActiveCfg = Release|Any CPU
		{F078A78B-0754-5236-14CF-A9E3B9AC455C}.Release|Any CPU.Build.0 = Release|Any CPU
		{011AD870-4A4E-1713-F134-8280B526FDF4}.Debug|Any CPU.ActiveCfg = Debug|Any CPU
		{011AD870-4A4E-1713-F134-8280B526FDF4}.Debug|Any CPU.Build.0 = Debug|Any CPU
		{011AD870-4A4E-1713-F134-8280B526FDF4}.Release|Any CPU.ActiveCfg = Release|Any CPU
		{011AD870-4A4E-1713-F134-8280B526FDF4}.Release|Any CPU.Build.0 = Release|Any CPU
		{2D00D3D7-3717-AD68-E997-22A6846904DC}.Debug|Any CPU.ActiveCfg = Debug|Any CPU
		{2D00D3D7-3717-AD68-E997-22A6846904DC}.Debug|Any CPU.Build.0 = Debug|Any CPU
		{2D00D3D7-3717-AD68-E997-22A6846904DC}.Release|Any CPU.ActiveCfg = Release|Any CPU
		{2D00D3D7-3717-AD68-E997-22A6846904DC}.Release|Any CPU.Build.0 = Release|Any CPU
		{4E217833-67CC-E5FC-A090-DFCDB7DB251D}.Debug|Any CPU.ActiveCfg = Debug|Any CPU
		{4E217833-67CC-E5FC-A090-DFCDB7DB251D}.Debug|Any CPU.Build.0 = Debug|Any CPU
		{4E217833-67CC-E5FC-A090-DFCDB7DB251D}.Release|Any CPU.ActiveCfg = Release|Any CPU
		{4E217833-67CC-E5FC-A090-DFCDB7DB251D}.Release|Any CPU.Build.0 = Release|Any CPU
		{796FEAF2-95DA-682A-C7BD-D54F3E875F32}.Debug|Any CPU.ActiveCfg = Debug|Any CPU
		{796FEAF2-95DA-682A-C7BD-D54F3E875F32}.Debug|Any CPU.Build.0 = Debug|Any CPU
		{796FEAF2-95DA-682A-C7BD-D54F3E875F32}.Release|Any CPU.ActiveCfg = Release|Any CPU
		{796FEAF2-95DA-682A-C7BD-D54F3E875F32}.Release|Any CPU.Build.0 = Release|Any CPU
		{8AC06163-2685-55D2-7946-D3396CBA9D9E}.Debug|Any CPU.ActiveCfg = Debug|Any CPU
		{8AC06163-2685-55D2-7946-D3396CBA9D9E}.Debug|Any CPU.Build.0 = Debug|Any CPU
		{8AC06163-2685-55D2-7946-D3396CBA9D9E}.Release|Any CPU.ActiveCfg = Release|Any CPU
		{8AC06163-2685-55D2-7946-D3396CBA9D9E}.Release|Any CPU.Build.0 = Release|Any CPU
		{739E3B94-58B5-748B-B9E3-FC14B09D0185}.Debug|Any CPU.ActiveCfg = Debug|Any CPU
		{739E3B94-58B5-748B-B9E3-FC14B09D0185}.Debug|Any CPU.Build.0 = Debug|Any CPU
		{739E3B94-58B5-748B-B9E3-FC14B09D0185}.Release|Any CPU.ActiveCfg = Release|Any CPU
		{739E3B94-58B5-748B-B9E3-FC14B09D0185}.Release|Any CPU.Build.0 = Release|Any CPU
		{E697D2D6-8252-038A-18B8-53EB50369C62}.Debug|Any CPU.ActiveCfg = Debug|Any CPU
		{E697D2D6-8252-038A-18B8-53EB50369C62}.Debug|Any CPU.Build.0 = Debug|Any CPU
		{E697D2D6-8252-038A-18B8-53EB50369C62}.Release|Any CPU.ActiveCfg = Release|Any CPU
		{E697D2D6-8252-038A-18B8-53EB50369C62}.Release|Any CPU.Build.0 = Release|Any CPU
		{3027750A-1C7C-68BF-F9D2-0E8DB1AC3EE1}.Debug|Any CPU.ActiveCfg = Debug|Any CPU
		{3027750A-1C7C-68BF-F9D2-0E8DB1AC3EE1}.Debug|Any CPU.Build.0 = Debug|Any CPU
		{3027750A-1C7C-68BF-F9D2-0E8DB1AC3EE1}.Release|Any CPU.ActiveCfg = Release|Any CPU
		{3027750A-1C7C-68BF-F9D2-0E8DB1AC3EE1}.Release|Any CPU.Build.0 = Release|Any CPU
		{0E3197FE-DE3E-864E-9BB8-758C0C78EBC4}.Debug|Any CPU.ActiveCfg = Debug|Any CPU
		{0E3197FE-DE3E-864E-9BB8-758C0C78EBC4}.Debug|Any CPU.Build.0 = Debug|Any CPU
		{0E3197FE-DE3E-864E-9BB8-758C0C78EBC4}.Release|Any CPU.ActiveCfg = Release|Any CPU
		{0E3197FE-DE3E-864E-9BB8-758C0C78EBC4}.Release|Any CPU.Build.0 = Release|Any CPU
		{453B010A-FA41-D5B4-9AE8-A436C9A3B344}.Debug|Any CPU.ActiveCfg = Debug|Any CPU
		{453B010A-FA41-D5B4-9AE8-A436C9A3B344}.Debug|Any CPU.Build.0 = Debug|Any CPU
		{453B010A-FA41-D5B4-9AE8-A436C9A3B344}.Release|Any CPU.ActiveCfg = Release|Any CPU
		{453B010A-FA41-D5B4-9AE8-A436C9A3B344}.Release|Any CPU.Build.0 = Release|Any CPU
		{87EA31F5-BF43-A113-203D-4D6B7D81450F}.Debug|Any CPU.ActiveCfg = Debug|Any CPU
		{87EA31F5-BF43-A113-203D-4D6B7D81450F}.Debug|Any CPU.Build.0 = Debug|Any CPU
		{87EA31F5-BF43-A113-203D-4D6B7D81450F}.Release|Any CPU.ActiveCfg = Release|Any CPU
		{87EA31F5-BF43-A113-203D-4D6B7D81450F}.Release|Any CPU.Build.0 = Release|Any CPU
		{9DAD1398-456E-A7B6-5705-0C63EDE445CF}.Debug|Any CPU.ActiveCfg = Debug|Any CPU
		{9DAD1398-456E-A7B6-5705-0C63EDE445CF}.Debug|Any CPU.Build.0 = Debug|Any CPU
		{9DAD1398-456E-A7B6-5705-0C63EDE445CF}.Release|Any CPU.ActiveCfg = Release|Any CPU
		{9DAD1398-456E-A7B6-5705-0C63EDE445CF}.Release|Any CPU.Build.0 = Release|Any CPU
		{11CDAF9F-B0E7-A45A-F507-64526D6DB6CA}.Debug|Any CPU.ActiveCfg = Debug|Any CPU
		{11CDAF9F-B0E7-A45A-F507-64526D6DB6CA}.Debug|Any CPU.Build.0 = Debug|Any CPU
		{11CDAF9F-B0E7-A45A-F507-64526D6DB6CA}.Release|Any CPU.ActiveCfg = Release|Any CPU
		{11CDAF9F-B0E7-A45A-F507-64526D6DB6CA}.Release|Any CPU.Build.0 = Release|Any CPU
		{9EA41EAB-E6E6-E256-6E19-DD724CFF4C90}.Debug|Any CPU.ActiveCfg = Debug|Any CPU
		{9EA41EAB-E6E6-E256-6E19-DD724CFF4C90}.Debug|Any CPU.Build.0 = Debug|Any CPU
		{9EA41EAB-E6E6-E256-6E19-DD724CFF4C90}.Release|Any CPU.ActiveCfg = Release|Any CPU
		{9EA41EAB-E6E6-E256-6E19-DD724CFF4C90}.Release|Any CPU.Build.0 = Release|Any CPU
		{26A42CF3-DEEF-6B9E-A794-21AC3690D515}.Debug|Any CPU.ActiveCfg = Debug|Any CPU
		{26A42CF3-DEEF-6B9E-A794-21AC3690D515}.Debug|Any CPU.Build.0 = Debug|Any CPU
		{26A42CF3-DEEF-6B9E-A794-21AC3690D515}.Release|Any CPU.ActiveCfg = Release|Any CPU
		{26A42CF3-DEEF-6B9E-A794-21AC3690D515}.Release|Any CPU.Build.0 = Release|Any CPU
	EndGlobalSection
	GlobalSection(SolutionProperties) = preSolution
		HideSolutionNode = FALSE
	EndGlobalSection
EndGlobal
