
Microsoft Visual Studio Solution File, Format Version 11.00
# Visual Studio 2010
Project("{FAE04EC0-301F-11D3-BF4B-00C04F79EFBC}") = "UnityEngine.UI", "UnityEngine.UI.csproj", "{8ba778f0-5407-3652-14cf-a9e3b9ac455c}"
EndProject
Project("{FAE04EC0-301F-11D3-BF4B-00C04F79EFBC}") = "Unity.RenderPipelines.Core.Runtime", "Unity.RenderPipelines.Core.Runtime.csproj", "{70d81a01-4e4a-1317-f134-8280b526fdf4}"
EndProject
Project("{FAE04EC0-301F-11D3-BF4B-00C04F79EFBC}") = "Unity.RenderPipelines.Universal.Runtime", "Unity.RenderPipelines.Universal.Runtime.csproj", "{d7d3002d-1737-68ad-e997-22a6846904dc}"
EndProject
Project("{FAE04EC0-301F-11D3-BF4B-00C04F79EFBC}") = "Unity.RenderPipeline.Universal.ShaderLibrary", "Unity.RenderPipeline.Universal.ShaderLibrary.csproj", "{3378214e-cc67-fce5-a090-dfcdb7db251d}"
EndProject
Project("{FAE04EC0-301F-11D3-BF4B-00C04F79EFBC}") = "Unity.RenderPipelines.Core.ShaderLibrary", "Unity.RenderPipelines.Core.ShaderLibrary.csproj", "{6361c08a-8526-d255-7946-d3396cba9d9e}"
EndProject
Project("{FAE04EC0-301F-11D3-BF4B-00C04F79EFBC}") = "Unity.RenderPipelines.Universal.Shaders", "Unity.RenderPipelines.Universal.Shaders.csproj", "{943b9e73-b558-8b74-b9e3-fc14b09d0185}"
EndProject
Project("{FAE04EC0-301F-11D3-BF4B-00C04F79EFBC}") = "Unity.RenderPipelines.ShaderGraph.ShaderGraphLibrary", "Unity.RenderPipelines.ShaderGraph.ShaderGraphLibrary.csproj", "{d6d297e6-5282-8a03-18b8-53eb50369c62}"
EndProject
Project("{FAE04EC0-301F-11D3-BF4B-00C04F79EFBC}") = "Assembly-CSharp", "Assembly-CSharp.csproj", "{f2ea6f79-da95-2a68-c7bd-d54f3e875f32}"
EndProject
Project("{FAE04EC0-301F-11D3-BF4B-00C04F79EFBC}") = "Unity.ShaderGraph.Editor", "Unity.ShaderGraph.Editor.csproj", "{0a752730-7c1c-bf68-f9d2-0e8db1ac3ee1}"
EndProject
Project("{FAE04EC0-301F-11D3-BF4B-00C04F79EFBC}") = "Unity.RenderPipelines.Universal.Editor", "Unity.RenderPipelines.Universal.Editor.csproj", "{fe97310e-3ede-4e86-9bb8-758c0c78ebc4}"
EndProject
Project("{FAE04EC0-301F-11D3-BF4B-00C04F79EFBC}") = "Unity.RenderPipelines.Core.Editor", "Unity.RenderPipelines.Core.Editor.csproj", "{0a013b45-41fa-b4d5-9ae8-a436c9a3b344}"
EndProject
Project("{FAE04EC0-301F-11D3-BF4B-00C04F79EFBC}") = "Unity.2D.Tilemap.Editor", "Unity.2D.Tilemap.Editor.csproj", "{f531ea87-43bf-13a1-203d-4d6b7d81450f}"
EndProject
Project("{FAE04EC0-301F-11D3-BF4B-00C04F79EFBC}") = "Unity.2D.Sprite.Editor", "Unity.2D.Sprite.Editor.csproj", "{9813ad9d-6e45-b6a7-5705-0c63ede445cf}"
EndProject
Project("{FAE04EC0-301F-11D3-BF4B-00C04F79EFBC}") = "UnityEditor.UI", "UnityEditor.UI.csproj", "{9fafcd11-e7b0-5aa4-f507-64526d6db6ca}"
EndProject
Project("{FAE04EC0-301F-11D3-BF4B-00C04F79EFBC}") = "PPv2URPConverters", "PPv2URPConverters.csproj", "{ab1ea49e-e6e6-56e2-6e19-dd724cff4c90}"
EndProject
Project("{FAE04EC0-301F-11D3-BF4B-00C04F79EFBC}") = "Unity.ShaderGraph.Utilities", "Unity.ShaderGraph.Utilities.csproj", "{f32ca426-efde-9e6b-a794-21ac3690d515}"
EndProject
Global
	GlobalSection(SolutionConfigurationPlatforms) = preSolution
		Debug|Any CPU = Debug|Any CPU
	EndGlobalSection
	GlobalSection(ProjectConfigurationPlatforms) = postSolution
		{8ba778f0-5407-3652-14cf-a9e3b9ac455c}.Debug|Any CPU.ActiveCfg = Debug|Any CPU
		{8ba778f0-5407-3652-14cf-a9e3b9ac455c}.Debug|Any CPU.Build.0 = Debug|Any CPU
		{70d81a01-4e4a-1317-f134-8280b526fdf4}.Debug|Any CPU.ActiveCfg = Debug|Any CPU
		{70d81a01-4e4a-1317-f134-8280b526fdf4}.Debug|Any CPU.Build.0 = Debug|Any CPU
		{d7d3002d-1737-68ad-e997-22a6846904dc}.Debug|Any CPU.ActiveCfg = Debug|Any CPU
		{d7d3002d-1737-68ad-e997-22a6846904dc}.Debug|Any CPU.Build.0 = Debug|Any CPU
		{3378214e-cc67-fce5-a090-dfcdb7db251d}.Debug|Any CPU.ActiveCfg = Debug|Any CPU
		{3378214e-cc67-fce5-a090-dfcdb7db251d}.Debug|Any CPU.Build.0 = Debug|Any CPU
		{6361c08a-8526-d255-7946-d3396cba9d9e}.Debug|Any CPU.ActiveCfg = Debug|Any CPU
		{6361c08a-8526-d255-7946-d3396cba9d9e}.Debug|Any CPU.Build.0 = Debug|Any CPU
		{943b9e73-b558-8b74-b9e3-fc14b09d0185}.Debug|Any CPU.ActiveCfg = Debug|Any CPU
		{943b9e73-b558-8b74-b9e3-fc14b09d0185}.Debug|Any CPU.Build.0 = Debug|Any CPU
		{d6d297e6-5282-8a03-18b8-53eb50369c62}.Debug|Any CPU.ActiveCfg = Debug|Any CPU
		{d6d297e6-5282-8a03-18b8-53eb50369c62}.Debug|Any CPU.Build.0 = Debug|Any CPU
		{f2ea6f79-da95-2a68-c7bd-d54f3e875f32}.Debug|Any CPU.ActiveCfg = Debug|Any CPU
		{f2ea6f79-da95-2a68-c7bd-d54f3e875f32}.Debug|Any CPU.Build.0 = Debug|Any CPU
		{0a752730-7c1c-bf68-f9d2-0e8db1ac3ee1}.Debug|Any CPU.ActiveCfg = Debug|Any CPU
		{0a752730-7c1c-bf68-f9d2-0e8db1ac3ee1}.Debug|Any CPU.Build.0 = Debug|Any CPU
		{fe97310e-3ede-4e86-9bb8-758c0c78ebc4}.Debug|Any CPU.ActiveCfg = Debug|Any CPU
		{fe97310e-3ede-4e86-9bb8-758c0c78ebc4}.Debug|Any CPU.Build.0 = Debug|Any CPU
		{0a013b45-41fa-b4d5-9ae8-a436c9a3b344}.Debug|Any CPU.ActiveCfg = Debug|Any CPU
		{0a013b45-41fa-b4d5-9ae8-a436c9a3b344}.Debug|Any CPU.Build.0 = Debug|Any CPU
		{f531ea87-43bf-13a1-203d-4d6b7d81450f}.Debug|Any CPU.ActiveCfg = Debug|Any CPU
		{f531ea87-43bf-13a1-203d-4d6b7d81450f}.Debug|Any CPU.Build.0 = Debug|Any CPU
		{9813ad9d-6e45-b6a7-5705-0c63ede445cf}.Debug|Any CPU.ActiveCfg = Debug|Any CPU
		{9813ad9d-6e45-b6a7-5705-0c63ede445cf}.Debug|Any CPU.Build.0 = Debug|Any CPU
		{9fafcd11-e7b0-5aa4-f507-64526d6db6ca}.Debug|Any CPU.ActiveCfg = Debug|Any CPU
		{9fafcd11-e7b0-5aa4-f507-64526d6db6ca}.Debug|Any CPU.Build.0 = Debug|Any CPU
		{ab1ea49e-e6e6-56e2-6e19-dd724cff4c90}.Debug|Any CPU.ActiveCfg = Debug|Any CPU
		{ab1ea49e-e6e6-56e2-6e19-dd724cff4c90}.Debug|Any CPU.Build.0 = Debug|Any CPU
		{f32ca426-efde-9e6b-a794-21ac3690d515}.Debug|Any CPU.ActiveCfg = Debug|Any CPU
		{f32ca426-efde-9e6b-a794-21ac3690d515}.Debug|Any CPU.Build.0 = Debug|Any CPU
	EndGlobalSection
	GlobalSection(SolutionProperties) = preSolution
		HideSolutionNode = FALSE
	EndGlobalSection
EndGlobal
