
Microsoft Visual Studio Solution File, Format Version 12.00
# Visual Studio 15
Project("{FAE04EC0-301F-11D3-BF4B-00C04F79EFBC}") = "UnityEngine.UI", "UnityEngine.UI.csproj", "{F078A78B-0754-5236-14CF-A9E3B9AC455C}"
EndProject
Project("{FAE04EC0-301F-11D3-BF4B-00C04F79EFBC}") = "Unity.RenderPipelines.Core.Runtime", "Unity.RenderPipelines.Core.Runtime.csproj", "{011AD870-4A4E-1713-F134-8280B526FDF4}"
EndProject
Project("{FAE04EC0-301F-11D3-BF4B-00C04F79EFBC}") = "UnityEngine.TestRunner", "UnityEngine.TestRunner.csproj", "{5191F6A3-5009-CF1D-9BDB-378EF1089A63}"
EndProject
Project("{FAE04EC0-301F-11D3-BF4B-00C04F79EFBC}") = "Unity.Services.Core.Telemetry", "Unity.Services.Core.Telemetry.csproj", "{D7343389-701D-474C-0A08-CEF27EBD7334}"
EndProject
Project("{FAE04EC0-301F-11D3-BF4B-00C04F79EFBC}") = "Unity.InputSystem", "Unity.InputSystem.csproj", "{E1029596-0002-285C-9258-99EE3E672C6B}"
EndProject
Project("{FAE04EC0-301F-11D3-BF4B-00C04F79EFBC}") = "Unity.VisualScripting.State", "Unity.VisualScripting.State.csproj", "{B77ABF90-422F-48BC-A35B-9384E040E0B5}"
EndProject
Project("{FAE04EC0-301F-11D3-BF4B-00C04F79EFBC}") = "Unity.RenderPipelines.Universal.Runtime", "Unity.RenderPipelines.Universal.Runtime.csproj", "{2D00D3D7-3717-AD68-E997-22A6846904DC}"
EndProject
Project("{FAE04EC0-301F-11D3-BF4B-00C04F79EFBC}") = "Unity.VisualScripting.Flow", "Unity.VisualScripting.Flow.csproj", "{6471706E-EB1B-0725-8A0D-704903B71B32}"
EndProject
Project("{FAE04EC0-301F-11D3-BF4B-00C04F79EFBC}") = "Unity.VisualScripting.Core", "Unity.VisualScripting.Core.csproj", "{0796BDAD-D113-E70F-DDD5-EA94FDF25E58}"
EndProject
Project("{FAE04EC0-301F-11D3-BF4B-00C04F79EFBC}") = "Unity.Services.Core.Environments.Internal", "Unity.Services.Core.Environments.Internal.csproj", "{B9F4A29D-D599-06DD-0660-44A84E23A5A1}"
EndProject
Project("{FAE04EC0-301F-11D3-BF4B-00C04F79EFBC}") = "Unity.2D.Animation.Runtime", "Unity.2D.Animation.Runtime.csproj", "{8018AC27-2394-B336-58DA-2A6D3931E996}"
EndProject
Project("{FAE04EC0-301F-11D3-BF4B-00C04F79EFBC}") = "Unity.TextMeshPro", "Unity.TextMeshPro.csproj", "{C734B7EC-CFCC-5A3F-790A-A5B5D049B6BE}"
EndProject
Project("{FAE04EC0-301F-11D3-BF4B-00C04F79EFBC}") = "Unity.Burst", "Unity.Burst.csproj", "{26866D75-FE59-C273-7541-C9ADDFE375C9}"
EndProject
Project("{FAE04EC0-301F-11D3-BF4B-00C04F79EFBC}") = "Unity.RenderPipeline.Universal.ShaderLibrary", "Unity.RenderPipeline.Universal.ShaderLibrary.csproj", "{4E217833-67CC-E5FC-A090-DFCDB7DB251D}"
EndProject
Project("{FAE04EC0-301F-11D3-BF4B-00C04F79EFBC}") = "Unity.Services.Core.Environments", "Unity.Services.Core.Environments.csproj", "{20D4BD12-3E09-33FA-6F95-790304C90353}"
EndProject
Project("{FAE04EC0-301F-11D3-BF4B-00C04F79EFBC}") = "Unity.2D.SpriteShape.Runtime", "Unity.2D.SpriteShape.Runtime.csproj", "{F1163EA5-0925-8CB6-08C1-D39B390B5D43}"
EndProject
Project("{FAE04EC0-301F-11D3-BF4B-00C04F79EFBC}") = "Unity.Services.Core.Internal", "Unity.Services.Core.Internal.csproj", "{455F86C3-1576-922E-48E9-FCE03D3CFE4B}"
EndProject
Project("{FAE04EC0-301F-11D3-BF4B-00C04F79EFBC}") = "Unity.Timeline", "Unity.Timeline.csproj", "{022022F0-ED96-B4A0-0A34-782221DACD61}"
EndProject
Project("{FAE04EC0-301F-11D3-BF4B-00C04F79EFBC}") = "Unity.Mathematics", "Unity.Mathematics.csproj", "{1AE7F51D-91B8-CDFB-5F65-8299EC556C8C}"
EndProject
Project("{FAE04EC0-301F-11D3-BF4B-00C04F79EFBC}") = "Unity.Services.Core.Scheduler", "Unity.Services.Core.Scheduler.csproj", "{3010DA78-0EC9-ADB9-757B-45F47BCD5E30}"
EndProject
Project("{FAE04EC0-301F-11D3-BF4B-00C04F79EFBC}") = "Unity.2D.PixelPerfect", "Unity.2D.PixelPerfect.csproj", "{224F2293-7F0F-9270-563B-3A930392F4A5}"
EndProject
Project("{FAE04EC0-301F-11D3-BF4B-00C04F79EFBC}") = "Assembly-CSharp", "Assembly-CSharp.csproj", "{796FEAF2-95DA-682A-C7BD-D54F3E875F32}"
EndProject
Project("{FAE04EC0-301F-11D3-BF4B-00C04F79EFBC}") = "Unity.Services.Core.Device", "Unity.Services.Core.Device.csproj", "{D78A1563-F65B-DC3D-FD80-D81C0148AB38}"
EndProject
Project("{FAE04EC0-301F-11D3-BF4B-00C04F79EFBC}") = "ID", "ID.csproj", "{7B3CD0F0-82EC-BE17-4EE7-E7A857F61C2A}"
EndProject
Project("{FAE04EC0-301F-11D3-BF4B-00C04F79EFBC}") = "Unity.Services.Core.Analytics", "Unity.Services.Core.Analytics.csproj", "{305B0D46-4C4E-913C-8A07-35D3C11634DE}"
EndProject
Project("{FAE04EC0-301F-11D3-BF4B-00C04F79EFBC}") = "Unity.2D.IK.Runtime", "Unity.2D.IK.Runtime.csproj", "{F8FCD9C7-8FC4-083A-F651-F639C173003C}"
EndProject
Project("{FAE04EC0-301F-11D3-BF4B-00C04F79EFBC}") = "Stats", "Stats.csproj", "{93556C28-4650-FCDD-86E7-A4BD7BD10DE6}"
EndProject
Project("{FAE04EC0-301F-11D3-BF4B-00C04F79EFBC}") = "Run", "Run.csproj", "{7197A02B-66D4-67CB-18CA-471C0D961262}"
EndProject
Project("{FAE04EC0-301F-11D3-BF4B-00C04F79EFBC}") = "Unity.2D.Tilemap.Extras", "Unity.2D.Tilemap.Extras.csproj", "{264A8494-B1D8-C065-DDF5-672986CE3B6E}"
EndProject
Project("{FAE04EC0-301F-11D3-BF4B-00C04F79EFBC}") = "Unity.Services.Core.Threading", "Unity.Services.Core.Threading.csproj", "{3E679474-0D7F-4A43-C7AC-29794BE105B6}"
EndProject
Project("{FAE04EC0-301F-11D3-BF4B-00C04F79EFBC}") = "Unity.2D.Common.Runtime", "Unity.2D.Common.Runtime.csproj", "{204FEB3F-7562-0245-C928-451A7E1BE5C2}"
EndProject
Project("{FAE04EC0-301F-11D3-BF4B-00C04F79EFBC}") = "Unity.Services.Core.Configuration", "Unity.Services.Core.Configuration.csproj", "{09CC0BB9-FD99-236B-2E41-19FE87E4560D}"
EndProject
Project("{FAE04EC0-301F-11D3-BF4B-00C04F79EFBC}") = "Unity.Services.Core", "Unity.Services.Core.csproj", "{BD64E546-281F-EB17-C9A0-6033C31C2BFB}"
EndProject
Project("{FAE04EC0-301F-11D3-BF4B-00C04F79EFBC}") = "Unity.Services.Core.Networking", "Unity.Services.Core.Networking.csproj", "{6404464E-FADD-D59F-CF82-9341064E86D3}"
EndProject
Project("{FAE04EC0-301F-11D3-BF4B-00C04F79EFBC}") = "Unity.Services.Core.Registration", "Unity.Services.Core.Registration.csproj", "{DC47E6C6-2858-5578-9BDD-0C36A2E8B780}"
EndProject
Project("{FAE04EC0-301F-11D3-BF4B-00C04F79EFBC}") = "Unity.RenderPipelines.ShaderGraph.ShaderGraphLibrary", "Unity.RenderPipelines.ShaderGraph.ShaderGraphLibrary.csproj", "{E697D2D6-8252-038A-18B8-53EB50369C62}"
EndProject
Project("{FAE04EC0-301F-11D3-BF4B-00C04F79EFBC}") = "Helpers", "Helpers.csproj", "{941DF200-BDF5-A3A9-0E80-B5891AD8BCFC}"
EndProject
Project("{FAE04EC0-301F-11D3-BF4B-00C04F79EFBC}") = "General", "General.csproj", "{9C03B199-C5E1-8B19-3FD0-3F7B95B703CE}"
EndProject
Project("{FAE04EC0-301F-11D3-BF4B-00C04F79EFBC}") = "Unity.RenderPipelines.Core.ShaderLibrary", "Unity.RenderPipelines.Core.ShaderLibrary.csproj", "{8AC06163-2685-55D2-7946-D3396CBA9D9E}"
EndProject
Project("{FAE04EC0-301F-11D3-BF4B-00C04F79EFBC}") = "Unity.InternalAPIEngineBridge.001", "Unity.InternalAPIEngineBridge.001.csproj", "{9C022D42-A164-85B3-7C6C-36AEEE44D03F}"
EndProject
Project("{FAE04EC0-301F-11D3-BF4B-00C04F79EFBC}") = "Generation", "Generation.csproj", "{0671B5FC-F0ED-0EA8-8D33-185C2A36D5D0}"
EndProject
Project("{FAE04EC0-301F-11D3-BF4B-00C04F79EFBC}") = "RNG", "RNG.csproj", "{5458B5D0-5606-6034-9445-4721D2D57E7C}"
EndProject
Project("{FAE04EC0-301F-11D3-BF4B-00C04F79EFBC}") = "Unity.RenderPipelines.Universal.Shaders", "Unity.RenderPipelines.Universal.Shaders.csproj", "{739E3B94-58B5-748B-B9E3-FC14B09D0185}"
EndProject
Project("{FAE04EC0-301F-11D3-BF4B-00C04F79EFBC}") = "Items", "Items.csproj", "{7843235E-1411-4679-E23B-380C8E235774}"
EndProject
Project("{FAE04EC0-301F-11D3-BF4B-00C04F79EFBC}") = "Events", "Events.csproj", "{8C702F15-B206-AE0B-7CE7-18347DE94CB0}"
EndProject
Project("{FAE04EC0-301F-11D3-BF4B-00C04F79EFBC}") = "Effects", "Effects.csproj", "{6B87D993-3138-1BB0-B662-D2DA413A99F1}"
EndProject
Project("{FAE04EC0-301F-11D3-BF4B-00C04F79EFBC}") = "Unity.PlasticSCM.Editor", "Unity.PlasticSCM.Editor.csproj", "{FD244123-380A-A007-FAF5-EB942FC38269}"
EndProject
Project("{FAE04EC0-301F-11D3-BF4B-00C04F79EFBC}") = "Unity.VisualScripting.Core.Editor", "Unity.VisualScripting.Core.Editor.csproj", "{0DEA3194-8182-F9B6-7DA6-EC723D18BCD4}"
EndProject
Project("{FAE04EC0-301F-11D3-BF4B-00C04F79EFBC}") = "Unity.ShaderGraph.Editor", "Unity.ShaderGraph.Editor.csproj", "{3027750A-1C7C-68BF-F9D2-0E8DB1AC3EE1}"
EndProject
Project("{FAE04EC0-301F-11D3-BF4B-00C04F79EFBC}") = "Unity.Timeline.Editor", "Unity.Timeline.Editor.csproj", "{72C80ACD-CB10-D0AD-8DE4-5A9E142251A2}"
EndProject
Project("{FAE04EC0-301F-11D3-BF4B-00C04F79EFBC}") = "Unity.RenderPipelines.Universal.Editor", "Unity.RenderPipelines.Universal.Editor.csproj", "{0E3197FE-DE3E-864E-9BB8-758C0C78EBC4}"
EndProject
Project("{FAE04EC0-301F-11D3-BF4B-00C04F79EFBC}") = "Unity.TextMeshPro.Editor", "Unity.TextMeshPro.Editor.csproj", "{185857C6-B34A-E4F8-2A17-61ED5B65F38E}"
EndProject
Project("{FAE04EC0-301F-11D3-BF4B-00C04F79EFBC}") = "Unity.2D.Animation.Editor", "Unity.2D.Animation.Editor.csproj", "{3AF2D78D-AA23-6D8C-02F9-25F086C4FBB4}"
EndProject
Project("{FAE04EC0-301F-11D3-BF4B-00C04F79EFBC}") = "Unity.VisualScripting.SettingsProvider.Editor", "Unity.VisualScripting.SettingsProvider.Editor.csproj", "{0D6D916C-A73A-B2AB-F44C-3706796E53F4}"
EndProject
Project("{FAE04EC0-301F-11D3-BF4B-00C04F79EFBC}") = "UnityEditor.TestRunner", "UnityEditor.TestRunner.csproj", "{CC86670E-0EA3-A6B5-B11B-E382A8D4B90D}"
EndProject
Project("{FAE04EC0-301F-11D3-BF4B-00C04F79EFBC}") = "Unity.2D.Tilemap.Editor", "Unity.2D.Tilemap.Editor.csproj", "{87EA31F5-BF43-A113-203D-4D6B7D81450F}"
EndProject
Project("{FAE04EC0-301F-11D3-BF4B-00C04F79EFBC}") = "Unity.VisualScripting.Flow.Editor", "Unity.VisualScripting.Flow.Editor.csproj", "{0CFD1A9C-0228-3D59-C338-51C78425193C}"
EndProject
Project("{FAE04EC0-301F-11D3-BF4B-00C04F79EFBC}") = "Unity.Rider.Editor", "Unity.Rider.Editor.csproj", "{9254FE50-1E7B-E00E-F38E-D39740D113F6}"
EndProject
Project("{FAE04EC0-301F-11D3-BF4B-00C04F79EFBC}") = "Unity.2D.Path.Editor", "Unity.2D.Path.Editor.csproj", "{A3500FFB-C8F7-FF7E-3820-BA705601AD33}"
EndProject
Project("{FAE04EC0-301F-11D3-BF4B-00C04F79EFBC}") = "PsdPlugin", "PsdPlugin.csproj", "{3800AC0F-EA39-077B-17FA-33398D69D5F9}"
EndProject
Project("{FAE04EC0-301F-11D3-BF4B-00C04F79EFBC}") = "Unity.CollabProxy.Editor", "Unity.CollabProxy.Editor.csproj", "{F35F64F4-2C18-EF67-0FD8-13296B3D88A5}"
EndProject
Project("{FAE04EC0-301F-11D3-BF4B-00C04F79EFBC}") = "Unity.RenderPipelines.Core.Editor", "Unity.RenderPipelines.Core.Editor.csproj", "{453B010A-FA41-D5B4-9AE8-A436C9A3B344}"
EndProject
Project("{FAE04EC0-301F-11D3-BF4B-00C04F79EFBC}") = "Unity.Services.Core.Editor", "Unity.Services.Core.Editor.csproj", "{0F9D613F-743C-E99B-D28A-E0BA56B4CE3A}"
EndProject
Project("{FAE04EC0-301F-11D3-BF4B-00C04F79EFBC}") = "Unity.2D.SpriteShape.Editor", "Unity.2D.SpriteShape.Editor.csproj", "{938F4803-AC96-6895-3DDC-A18E30058BDC}"
EndProject
Project("{FAE04EC0-301F-11D3-BF4B-00C04F79EFBC}") = "Unity.Burst.CodeGen", "Unity.Burst.CodeGen.csproj", "{532F40D5-E84A-93FB-1000-49FDA30EBEA5}"
EndProject
Project("{FAE04EC0-301F-11D3-BF4B-00C04F79EFBC}") = "Unity.2D.PixelPerfect.Editor", "Unity.2D.PixelPerfect.Editor.csproj", "{9609E329-E277-439B-A254-B0A24EC2559C}"
EndProject
Project("{FAE04EC0-301F-11D3-BF4B-00C04F79EFBC}") = "Unity.VisualStudio.Editor", "Unity.VisualStudio.Editor.csproj", "{B1B0E86F-FA85-8F42-9A7E-9331DEA5084A}"
EndProject
Project("{FAE04EC0-301F-11D3-BF4B-00C04F79EFBC}") = "PPv2URPConverters", "PPv2URPConverters.csproj", "{9EA41EAB-E6E6-E256-6E19-DD724CFF4C90}"
EndProject
Project("{FAE04EC0-301F-11D3-BF4B-00C04F79EFBC}") = "Unity.2D.Sprite.Editor", "Unity.2D.Sprite.Editor.csproj", "{9DAD1398-456E-A7B6-5705-0C63EDE445CF}"
EndProject
Project("{FAE04EC0-301F-11D3-BF4B-00C04F79EFBC}") = "Unity.2D.Common.Editor", "Unity.2D.Common.Editor.csproj", "{A696993C-A380-2C4D-98F6-608E8170B92E}"
EndProject
Project("{FAE04EC0-301F-11D3-BF4B-00C04F79EFBC}") = "Unity.2D.Psdimporter.Editor", "Unity.2D.Psdimporter.Editor.csproj", "{00B8DC89-87E2-4037-5B82-397B8CC590B0}"
EndProject
Project("{FAE04EC0-301F-11D3-BF4B-00C04F79EFBC}") = "Unity.VisualScripting.State.Editor", "Unity.VisualScripting.State.Editor.csproj", "{1FFCCD10-4AB5-FEA0-5854-4EB2CE107D2D}"
EndProject
Project("{FAE04EC0-301F-11D3-BF4B-00C04F79EFBC}") = "UnityEditor.UI", "UnityEditor.UI.csproj", "{11CDAF9F-B0E7-A45A-F507-64526D6DB6CA}"
EndProject
Project("{FAE04EC0-301F-11D3-BF4B-00C04F79EFBC}") = "Unity.Searcher.Editor", "Unity.Searcher.Editor.csproj", "{EA0002E9-2537-097C-E2B8-C59E6AB3F1D0}"
EndProject
Project("{FAE04EC0-301F-11D3-BF4B-00C04F79EFBC}") = "Unity.Services.Core.Configuration.Editor", "Unity.Services.Core.Configuration.Editor.csproj", "{F9E1B950-8188-8E16-B029-E2A07D284543}"
EndProject
Project("{FAE04EC0-301F-11D3-BF4B-00C04F79EFBC}") = "Unity.Burst.Editor", "Unity.Burst.Editor.csproj", "{C61AB550-AC0A-5F96-F576-9DCAEFA958BD}"
EndProject
Project("{FAE04EC0-301F-11D3-BF4B-00C04F79EFBC}") = "Unity.2D.IK.Editor", "Unity.2D.IK.Editor.csproj", "{EA48F7AA-01AA-91A8-0F08-84BF1AC58F95}"
EndProject
Project("{FAE04EC0-301F-11D3-BF4B-00C04F79EFBC}") = "Unity.ShaderGraph.Utilities", "Unity.ShaderGraph.Utilities.csproj", "{26A42CF3-DEEF-6B9E-A794-21AC3690D515}"
EndProject
Project("{FAE04EC0-301F-11D3-BF4B-00C04F79EFBC}") = "Unity.Mathematics.Editor", "Unity.Mathematics.Editor.csproj", "{7F717B21-5D82-09DE-9796-3BE3AECFABAD}"
EndProject
Project("{FAE04EC0-301F-11D3-BF4B-00C04F79EFBC}") = "Unity.2D.Tilemap.Extras.Editor", "Unity.2D.Tilemap.Extras.Editor.csproj", "{975BEB29-E871-A71D-4DD5-36BB1FF037E9}"
EndProject
Project("{FAE04EC0-301F-11D3-BF4B-00C04F79EFBC}") = "Unity.InternalAPIEditorBridge.001", "Unity.InternalAPIEditorBridge.001.csproj", "{FE0CA2B2-5B34-B986-E3B5-B4ED1E4467FF}"
EndProject
Project("{FAE04EC0-301F-11D3-BF4B-00C04F79EFBC}") = "Unity.VisualScripting.Shared.Editor", "Unity.VisualScripting.Shared.Editor.csproj", "{16C67677-1DC6-9F72-4803-93983AEAF30F}"
EndProject
Global
	GlobalSection(SolutionConfigurationPlatforms) = preSolution
		Debug|Any CPU = Debug|Any CPU
		Release|Any CPU = Release|Any CPU
	EndGlobalSection
	GlobalSection(ProjectConfigurationPlatforms) = postSolution
		{F078A78B-0754-5236-14CF-A9E3B9AC455C}.Debug|Any CPU.ActiveCfg = Debug|Any CPU
		{F078A78B-0754-5236-14CF-A9E3B9AC455C}.Debug|Any CPU.Build.0 = Debug|Any CPU
		{F078A78B-0754-5236-14CF-A9E3B9AC455C}.Release|Any CPU.ActiveCfg = Release|Any CPU
		{F078A78B-0754-5236-14CF-A9E3B9AC455C}.Release|Any CPU.Build.0 = Release|Any CPU
		{011AD870-4A4E-1713-F134-8280B526FDF4}.Debug|Any CPU.ActiveCfg = Debug|Any CPU
		{011AD870-4A4E-1713-F134-8280B526FDF4}.Debug|Any CPU.Build.0 = Debug|Any CPU
		{011AD870-4A4E-1713-F134-8280B526FDF4}.Release|Any CPU.ActiveCfg = Release|Any CPU
		{011AD870-4A4E-1713-F134-8280B526FDF4}.Release|Any CPU.Build.0 = Release|Any CPU
		{5191F6A3-5009-CF1D-9BDB-378EF1089A63}.Debug|Any CPU.ActiveCfg = Debug|Any CPU
		{5191F6A3-5009-CF1D-9BDB-378EF1089A63}.Debug|Any CPU.Build.0 = Debug|Any CPU
		{5191F6A3-5009-CF1D-9BDB-378EF1089A63}.Release|Any CPU.ActiveCfg = Release|Any CPU
		{5191F6A3-5009-CF1D-9BDB-378EF1089A63}.Release|Any CPU.Build.0 = Release|Any CPU
		{D7343389-701D-474C-0A08-CEF27EBD7334}.Debug|Any CPU.ActiveCfg = Debug|Any CPU
		{D7343389-701D-474C-0A08-CEF27EBD7334}.Debug|Any CPU.Build.0 = Debug|Any CPU
		{D7343389-701D-474C-0A08-CEF27EBD7334}.Release|Any CPU.ActiveCfg = Release|Any CPU
		{D7343389-701D-474C-0A08-CEF27EBD7334}.Release|Any CPU.Build.0 = Release|Any CPU
		{E1029596-0002-285C-9258-99EE3E672C6B}.Debug|Any CPU.ActiveCfg = Debug|Any CPU
		{E1029596-0002-285C-9258-99EE3E672C6B}.Debug|Any CPU.Build.0 = Debug|Any CPU
		{E1029596-0002-285C-9258-99EE3E672C6B}.Release|Any CPU.ActiveCfg = Release|Any CPU
		{E1029596-0002-285C-9258-99EE3E672C6B}.Release|Any CPU.Build.0 = Release|Any CPU
		{B77ABF90-422F-48BC-A35B-9384E040E0B5}.Debug|Any CPU.ActiveCfg = Debug|Any CPU
		{B77ABF90-422F-48BC-A35B-9384E040E0B5}.Debug|Any CPU.Build.0 = Debug|Any CPU
		{B77ABF90-422F-48BC-A35B-9384E040E0B5}.Release|Any CPU.ActiveCfg = Release|Any CPU
		{B77ABF90-422F-48BC-A35B-9384E040E0B5}.Release|Any CPU.Build.0 = Release|Any CPU
		{2D00D3D7-3717-AD68-E997-22A6846904DC}.Debug|Any CPU.ActiveCfg = Debug|Any CPU
		{2D00D3D7-3717-AD68-E997-22A6846904DC}.Debug|Any CPU.Build.0 = Debug|Any CPU
		{2D00D3D7-3717-AD68-E997-22A6846904DC}.Release|Any CPU.ActiveCfg = Release|Any CPU
		{2D00D3D7-3717-AD68-E997-22A6846904DC}.Release|Any CPU.Build.0 = Release|Any CPU
		{6471706E-EB1B-0725-8A0D-704903B71B32}.Debug|Any CPU.ActiveCfg = Debug|Any CPU
		{6471706E-EB1B-0725-8A0D-704903B71B32}.Debug|Any CPU.Build.0 = Debug|Any CPU
		{6471706E-EB1B-0725-8A0D-704903B71B32}.Release|Any CPU.ActiveCfg = Release|Any CPU
		{6471706E-EB1B-0725-8A0D-704903B71B32}.Release|Any CPU.Build.0 = Release|Any CPU
		{0796BDAD-D113-E70F-DDD5-EA94FDF25E58}.Debug|Any CPU.ActiveCfg = Debug|Any CPU
		{0796BDAD-D113-E70F-DDD5-EA94FDF25E58}.Debug|Any CPU.Build.0 = Debug|Any CPU
		{0796BDAD-D113-E70F-DDD5-EA94FDF25E58}.Release|Any CPU.ActiveCfg = Release|Any CPU
		{0796BDAD-D113-E70F-DDD5-EA94FDF25E58}.Release|Any CPU.Build.0 = Release|Any CPU
		{B9F4A29D-D599-06DD-0660-44A84E23A5A1}.Debug|Any CPU.ActiveCfg = Debug|Any CPU
		{B9F4A29D-D599-06DD-0660-44A84E23A5A1}.Debug|Any CPU.Build.0 = Debug|Any CPU
		{B9F4A29D-D599-06DD-0660-44A84E23A5A1}.Release|Any CPU.ActiveCfg = Release|Any CPU
		{B9F4A29D-D599-06DD-0660-44A84E23A5A1}.Release|Any CPU.Build.0 = Release|Any CPU
		{8018AC27-2394-B336-58DA-2A6D3931E996}.Debug|Any CPU.ActiveCfg = Debug|Any CPU
		{8018AC27-2394-B336-58DA-2A6D3931E996}.Debug|Any CPU.Build.0 = Debug|Any CPU
		{8018AC27-2394-B336-58DA-2A6D3931E996}.Release|Any CPU.ActiveCfg = Release|Any CPU
		{8018AC27-2394-B336-58DA-2A6D3931E996}.Release|Any CPU.Build.0 = Release|Any CPU
		{C734B7EC-CFCC-5A3F-790A-A5B5D049B6BE}.Debug|Any CPU.ActiveCfg = Debug|Any CPU
		{C734B7EC-CFCC-5A3F-790A-A5B5D049B6BE}.Debug|Any CPU.Build.0 = Debug|Any CPU
		{C734B7EC-CFCC-5A3F-790A-A5B5D049B6BE}.Release|Any CPU.ActiveCfg = Release|Any CPU
		{C734B7EC-CFCC-5A3F-790A-A5B5D049B6BE}.Release|Any CPU.Build.0 = Release|Any CPU
		{26866D75-FE59-C273-7541-C9ADDFE375C9}.Debug|Any CPU.ActiveCfg = Debug|Any CPU
		{26866D75-FE59-C273-7541-C9ADDFE375C9}.Debug|Any CPU.Build.0 = Debug|Any CPU
		{26866D75-FE59-C273-7541-C9ADDFE375C9}.Release|Any CPU.ActiveCfg = Release|Any CPU
		{26866D75-FE59-C273-7541-C9ADDFE375C9}.Release|Any CPU.Build.0 = Release|Any CPU
		{4E217833-67CC-E5FC-A090-DFCDB7DB251D}.Debug|Any CPU.ActiveCfg = Debug|Any CPU
		{4E217833-67CC-E5FC-A090-DFCDB7DB251D}.Debug|Any CPU.Build.0 = Debug|Any CPU
		{4E217833-67CC-E5FC-A090-DFCDB7DB251D}.Release|Any CPU.ActiveCfg = Release|Any CPU
		{4E217833-67CC-E5FC-A090-DFCDB7DB251D}.Release|Any CPU.Build.0 = Release|Any CPU
		{20D4BD12-3E09-33FA-6F95-790304C90353}.Debug|Any CPU.ActiveCfg = Debug|Any CPU
		{20D4BD12-3E09-33FA-6F95-790304C90353}.Debug|Any CPU.Build.0 = Debug|Any CPU
		{20D4BD12-3E09-33FA-6F95-790304C90353}.Release|Any CPU.ActiveCfg = Release|Any CPU
		{20D4BD12-3E09-33FA-6F95-790304C90353}.Release|Any CPU.Build.0 = Release|Any CPU
		{F1163EA5-0925-8CB6-08C1-D39B390B5D43}.Debug|Any CPU.ActiveCfg = Debug|Any CPU
		{F1163EA5-0925-8CB6-08C1-D39B390B5D43}.Debug|Any CPU.Build.0 = Debug|Any CPU
		{F1163EA5-0925-8CB6-08C1-D39B390B5D43}.Release|Any CPU.ActiveCfg = Release|Any CPU
		{F1163EA5-0925-8CB6-08C1-D39B390B5D43}.Release|Any CPU.Build.0 = Release|Any CPU
		{455F86C3-1576-922E-48E9-FCE03D3CFE4B}.Debug|Any CPU.ActiveCfg = Debug|Any CPU
		{455F86C3-1576-922E-48E9-FCE03D3CFE4B}.Debug|Any CPU.Build.0 = Debug|Any CPU
		{455F86C3-1576-922E-48E9-FCE03D3CFE4B}.Release|Any CPU.ActiveCfg = Release|Any CPU
		{455F86C3-1576-922E-48E9-FCE03D3CFE4B}.Release|Any CPU.Build.0 = Release|Any CPU
		{022022F0-ED96-B4A0-0A34-782221DACD61}.Debug|Any CPU.ActiveCfg = Debug|Any CPU
		{022022F0-ED96-B4A0-0A34-782221DACD61}.Debug|Any CPU.Build.0 = Debug|Any CPU
		{022022F0-ED96-B4A0-0A34-782221DACD61}.Release|Any CPU.ActiveCfg = Release|Any CPU
		{022022F0-ED96-B4A0-0A34-782221DACD61}.Release|Any CPU.Build.0 = Release|Any CPU
		{1AE7F51D-91B8-CDFB-5F65-8299EC556C8C}.Debug|Any CPU.ActiveCfg = Debug|Any CPU
		{1AE7F51D-91B8-CDFB-5F65-8299EC556C8C}.Debug|Any CPU.Build.0 = Debug|Any CPU
		{1AE7F51D-91B8-CDFB-5F65-8299EC556C8C}.Release|Any CPU.ActiveCfg = Release|Any CPU
		{1AE7F51D-91B8-CDFB-5F65-8299EC556C8C}.Release|Any CPU.Build.0 = Release|Any CPU
		{3010DA78-0EC9-ADB9-757B-45F47BCD5E30}.Debug|Any CPU.ActiveCfg = Debug|Any CPU
		{3010DA78-0EC9-ADB9-757B-45F47BCD5E30}.Debug|Any CPU.Build.0 = Debug|Any CPU
		{3010DA78-0EC9-ADB9-757B-45F47BCD5E30}.Release|Any CPU.ActiveCfg = Release|Any CPU
		{3010DA78-0EC9-ADB9-757B-45F47BCD5E30}.Release|Any CPU.Build.0 = Release|Any CPU
		{224F2293-7F0F-9270-563B-3A930392F4A5}.Debug|Any CPU.ActiveCfg = Debug|Any CPU
		{224F2293-7F0F-9270-563B-3A930392F4A5}.Debug|Any CPU.Build.0 = Debug|Any CPU
		{224F2293-7F0F-9270-563B-3A930392F4A5}.Release|Any CPU.ActiveCfg = Release|Any CPU
		{224F2293-7F0F-9270-563B-3A930392F4A5}.Release|Any CPU.Build.0 = Release|Any CPU
		{796FEAF2-95DA-682A-C7BD-D54F3E875F32}.Debug|Any CPU.ActiveCfg = Debug|Any CPU
		{796FEAF2-95DA-682A-C7BD-D54F3E875F32}.Debug|Any CPU.Build.0 = Debug|Any CPU
		{796FEAF2-95DA-682A-C7BD-D54F3E875F32}.Release|Any CPU.ActiveCfg = Release|Any CPU
		{796FEAF2-95DA-682A-C7BD-D54F3E875F32}.Release|Any CPU.Build.0 = Release|Any CPU
		{D78A1563-F65B-DC3D-FD80-D81C0148AB38}.Debug|Any CPU.ActiveCfg = Debug|Any CPU
		{D78A1563-F65B-DC3D-FD80-D81C0148AB38}.Debug|Any CPU.Build.0 = Debug|Any CPU
		{D78A1563-F65B-DC3D-FD80-D81C0148AB38}.Release|Any CPU.ActiveCfg = Release|Any CPU
		{D78A1563-F65B-DC3D-FD80-D81C0148AB38}.Release|Any CPU.Build.0 = Release|Any CPU
		{7B3CD0F0-82EC-BE17-4EE7-E7A857F61C2A}.Debug|Any CPU.ActiveCfg = Debug|Any CPU
		{7B3CD0F0-82EC-BE17-4EE7-E7A857F61C2A}.Debug|Any CPU.Build.0 = Debug|Any CPU
		{7B3CD0F0-82EC-BE17-4EE7-E7A857F61C2A}.Release|Any CPU.ActiveCfg = Release|Any CPU
		{7B3CD0F0-82EC-BE17-4EE7-E7A857F61C2A}.Release|Any CPU.Build.0 = Release|Any CPU
		{305B0D46-4C4E-913C-8A07-35D3C11634DE}.Debug|Any CPU.ActiveCfg = Debug|Any CPU
		{305B0D46-4C4E-913C-8A07-35D3C11634DE}.Debug|Any CPU.Build.0 = Debug|Any CPU
		{305B0D46-4C4E-913C-8A07-35D3C11634DE}.Release|Any CPU.ActiveCfg = Release|Any CPU
		{305B0D46-4C4E-913C-8A07-35D3C11634DE}.Release|Any CPU.Build.0 = Release|Any CPU
		{F8FCD9C7-8FC4-083A-F651-F639C173003C}.Debug|Any CPU.ActiveCfg = Debug|Any CPU
		{F8FCD9C7-8FC4-083A-F651-F639C173003C}.Debug|Any CPU.Build.0 = Debug|Any CPU
		{F8FCD9C7-8FC4-083A-F651-F639C173003C}.Release|Any CPU.ActiveCfg = Release|Any CPU
		{F8FCD9C7-8FC4-083A-F651-F639C173003C}.Release|Any CPU.Build.0 = Release|Any CPU
		{93556C28-4650-FCDD-86E7-A4BD7BD10DE6}.Debug|Any CPU.ActiveCfg = Debug|Any CPU
		{93556C28-4650-FCDD-86E7-A4BD7BD10DE6}.Debug|Any CPU.Build.0 = Debug|Any CPU
		{93556C28-4650-FCDD-86E7-A4BD7BD10DE6}.Release|Any CPU.ActiveCfg = Release|Any CPU
		{93556C28-4650-FCDD-86E7-A4BD7BD10DE6}.Release|Any CPU.Build.0 = Release|Any CPU
		{7197A02B-66D4-67CB-18CA-471C0D961262}.Debug|Any CPU.ActiveCfg = Debug|Any CPU
		{7197A02B-66D4-67CB-18CA-471C0D961262}.Debug|Any CPU.Build.0 = Debug|Any CPU
		{7197A02B-66D4-67CB-18CA-471C0D961262}.Release|Any CPU.ActiveCfg = Release|Any CPU
		{7197A02B-66D4-67CB-18CA-471C0D961262}.Release|Any CPU.Build.0 = Release|Any CPU
		{264A8494-B1D8-C065-DDF5-672986CE3B6E}.Debug|Any CPU.ActiveCfg = Debug|Any CPU
		{264A8494-B1D8-C065-DDF5-672986CE3B6E}.Debug|Any CPU.Build.0 = Debug|Any CPU
		{264A8494-B1D8-C065-DDF5-672986CE3B6E}.Release|Any CPU.ActiveCfg = Release|Any CPU
		{264A8494-B1D8-C065-DDF5-672986CE3B6E}.Release|Any CPU.Build.0 = Release|Any CPU
		{3E679474-0D7F-4A43-C7AC-29794BE105B6}.Debug|Any CPU.ActiveCfg = Debug|Any CPU
		{3E679474-0D7F-4A43-C7AC-29794BE105B6}.Debug|Any CPU.Build.0 = Debug|Any CPU
		{3E679474-0D7F-4A43-C7AC-29794BE105B6}.Release|Any CPU.ActiveCfg = Release|Any CPU
		{3E679474-0D7F-4A43-C7AC-29794BE105B6}.Release|Any CPU.Build.0 = Release|Any CPU
		{204FEB3F-7562-0245-C928-451A7E1BE5C2}.Debug|Any CPU.ActiveCfg = Debug|Any CPU
		{204FEB3F-7562-0245-C928-451A7E1BE5C2}.Debug|Any CPU.Build.0 = Debug|Any CPU
		{204FEB3F-7562-0245-C928-451A7E1BE5C2}.Release|Any CPU.ActiveCfg = Release|Any CPU
		{204FEB3F-7562-0245-C928-451A7E1BE5C2}.Release|Any CPU.Build.0 = Release|Any CPU
		{09CC0BB9-FD99-236B-2E41-19FE87E4560D}.Debug|Any CPU.ActiveCfg = Debug|Any CPU
		{09CC0BB9-FD99-236B-2E41-19FE87E4560D}.Debug|Any CPU.Build.0 = Debug|Any CPU
		{09CC0BB9-FD99-236B-2E41-19FE87E4560D}.Release|Any CPU.ActiveCfg = Release|Any CPU
		{09CC0BB9-FD99-236B-2E41-19FE87E4560D}.Release|Any CPU.Build.0 = Release|Any CPU
		{BD64E546-281F-EB17-C9A0-6033C31C2BFB}.Debug|Any CPU.ActiveCfg = Debug|Any CPU
		{BD64E546-281F-EB17-C9A0-6033C31C2BFB}.Debug|Any CPU.Build.0 = Debug|Any CPU
		{BD64E546-281F-EB17-C9A0-6033C31C2BFB}.Release|Any CPU.ActiveCfg = Release|Any CPU
		{BD64E546-281F-EB17-C9A0-6033C31C2BFB}.Release|Any CPU.Build.0 = Release|Any CPU
		{6404464E-FADD-D59F-CF82-9341064E86D3}.Debug|Any CPU.ActiveCfg = Debug|Any CPU
		{6404464E-FADD-D59F-CF82-9341064E86D3}.Debug|Any CPU.Build.0 = Debug|Any CPU
		{6404464E-FADD-D59F-CF82-9341064E86D3}.Release|Any CPU.ActiveCfg = Release|Any CPU
		{6404464E-FADD-D59F-CF82-9341064E86D3}.Release|Any CPU.Build.0 = Release|Any CPU
		{DC47E6C6-2858-5578-9BDD-0C36A2E8B780}.Debug|Any CPU.ActiveCfg = Debug|Any CPU
		{DC47E6C6-2858-5578-9BDD-0C36A2E8B780}.Debug|Any CPU.Build.0 = Debug|Any CPU
		{DC47E6C6-2858-5578-9BDD-0C36A2E8B780}.Release|Any CPU.ActiveCfg = Release|Any CPU
		{DC47E6C6-2858-5578-9BDD-0C36A2E8B780}.Release|Any CPU.Build.0 = Release|Any CPU
		{E697D2D6-8252-038A-18B8-53EB50369C62}.Debug|Any CPU.ActiveCfg = Debug|Any CPU
		{E697D2D6-8252-038A-18B8-53EB50369C62}.Debug|Any CPU.Build.0 = Debug|Any CPU
		{E697D2D6-8252-038A-18B8-53EB50369C62}.Release|Any CPU.ActiveCfg = Release|Any CPU
		{E697D2D6-8252-038A-18B8-53EB50369C62}.Release|Any CPU.Build.0 = Release|Any CPU
		{941DF200-BDF5-A3A9-0E80-B5891AD8BCFC}.Debug|Any CPU.ActiveCfg = Debug|Any CPU
		{941DF200-BDF5-A3A9-0E80-B5891AD8BCFC}.Debug|Any CPU.Build.0 = Debug|Any CPU
		{941DF200-BDF5-A3A9-0E80-B5891AD8BCFC}.Release|Any CPU.ActiveCfg = Release|Any CPU
		{941DF200-BDF5-A3A9-0E80-B5891AD8BCFC}.Release|Any CPU.Build.0 = Release|Any CPU
		{9C03B199-C5E1-8B19-3FD0-3F7B95B703CE}.Debug|Any CPU.ActiveCfg = Debug|Any CPU
		{9C03B199-C5E1-8B19-3FD0-3F7B95B703CE}.Debug|Any CPU.Build.0 = Debug|Any CPU
		{9C03B199-C5E1-8B19-3FD0-3F7B95B703CE}.Release|Any CPU.ActiveCfg = Release|Any CPU
		{9C03B199-C5E1-8B19-3FD0-3F7B95B703CE}.Release|Any CPU.Build.0 = Release|Any CPU
		{8AC06163-2685-55D2-7946-D3396CBA9D9E}.Debug|Any CPU.ActiveCfg = Debug|Any CPU
		{8AC06163-2685-55D2-7946-D3396CBA9D9E}.Debug|Any CPU.Build.0 = Debug|Any CPU
		{8AC06163-2685-55D2-7946-D3396CBA9D9E}.Release|Any CPU.ActiveCfg = Release|Any CPU
		{8AC06163-2685-55D2-7946-D3396CBA9D9E}.Release|Any CPU.Build.0 = Release|Any CPU
		{9C022D42-A164-85B3-7C6C-36AEEE44D03F}.Debug|Any CPU.ActiveCfg = Debug|Any CPU
		{9C022D42-A164-85B3-7C6C-36AEEE44D03F}.Debug|Any CPU.Build.0 = Debug|Any CPU
		{9C022D42-A164-85B3-7C6C-36AEEE44D03F}.Release|Any CPU.ActiveCfg = Release|Any CPU
		{9C022D42-A164-85B3-7C6C-36AEEE44D03F}.Release|Any CPU.Build.0 = Release|Any CPU
		{0671B5FC-F0ED-0EA8-8D33-185C2A36D5D0}.Debug|Any CPU.ActiveCfg = Debug|Any CPU
		{0671B5FC-F0ED-0EA8-8D33-185C2A36D5D0}.Debug|Any CPU.Build.0 = Debug|Any CPU
		{0671B5FC-F0ED-0EA8-8D33-185C2A36D5D0}.Release|Any CPU.ActiveCfg = Release|Any CPU
		{0671B5FC-F0ED-0EA8-8D33-185C2A36D5D0}.Release|Any CPU.Build.0 = Release|Any CPU
		{5458B5D0-5606-6034-9445-4721D2D57E7C}.Debug|Any CPU.ActiveCfg = Debug|Any CPU
		{5458B5D0-5606-6034-9445-4721D2D57E7C}.Debug|Any CPU.Build.0 = Debug|Any CPU
		{5458B5D0-5606-6034-9445-4721D2D57E7C}.Release|Any CPU.ActiveCfg = Release|Any CPU
		{5458B5D0-5606-6034-9445-4721D2D57E7C}.Release|Any CPU.Build.0 = Release|Any CPU
		{739E3B94-58B5-748B-B9E3-FC14B09D0185}.Debug|Any CPU.ActiveCfg = Debug|Any CPU
		{739E3B94-58B5-748B-B9E3-FC14B09D0185}.Debug|Any CPU.Build.0 = Debug|Any CPU
		{739E3B94-58B5-748B-B9E3-FC14B09D0185}.Release|Any CPU.ActiveCfg = Release|Any CPU
		{739E3B94-58B5-748B-B9E3-FC14B09D0185}.Release|Any CPU.Build.0 = Release|Any CPU
		{7843235E-1411-4679-E23B-380C8E235774}.Debug|Any CPU.ActiveCfg = Debug|Any CPU
		{7843235E-1411-4679-E23B-380C8E235774}.Debug|Any CPU.Build.0 = Debug|Any CPU
		{7843235E-1411-4679-E23B-380C8E235774}.Release|Any CPU.ActiveCfg = Release|Any CPU
		{7843235E-1411-4679-E23B-380C8E235774}.Release|Any CPU.Build.0 = Release|Any CPU
		{8C702F15-B206-AE0B-7CE7-18347DE94CB0}.Debug|Any CPU.ActiveCfg = Debug|Any CPU
		{8C702F15-B206-AE0B-7CE7-18347DE94CB0}.Debug|Any CPU.Build.0 = Debug|Any CPU
		{8C702F15-B206-AE0B-7CE7-18347DE94CB0}.Release|Any CPU.ActiveCfg = Release|Any CPU
		{8C702F15-B206-AE0B-7CE7-18347DE94CB0}.Release|Any CPU.Build.0 = Release|Any CPU
		{6B87D993-3138-1BB0-B662-D2DA413A99F1}.Debug|Any CPU.ActiveCfg = Debug|Any CPU
		{6B87D993-3138-1BB0-B662-D2DA413A99F1}.Debug|Any CPU.Build.0 = Debug|Any CPU
		{6B87D993-3138-1BB0-B662-D2DA413A99F1}.Release|Any CPU.ActiveCfg = Release|Any CPU
		{6B87D993-3138-1BB0-B662-D2DA413A99F1}.Release|Any CPU.Build.0 = Release|Any CPU
		{FD244123-380A-A007-FAF5-EB942FC38269}.Debug|Any CPU.ActiveCfg = Debug|Any CPU
		{FD244123-380A-A007-FAF5-EB942FC38269}.Debug|Any CPU.Build.0 = Debug|Any CPU
		{FD244123-380A-A007-FAF5-EB942FC38269}.Release|Any CPU.ActiveCfg = Release|Any CPU
		{FD244123-380A-A007-FAF5-EB942FC38269}.Release|Any CPU.Build.0 = Release|Any CPU
		{0DEA3194-8182-F9B6-7DA6-EC723D18BCD4}.Debug|Any CPU.ActiveCfg = Debug|Any CPU
		{0DEA3194-8182-F9B6-7DA6-EC723D18BCD4}.Debug|Any CPU.Build.0 = Debug|Any CPU
		{0DEA3194-8182-F9B6-7DA6-EC723D18BCD4}.Release|Any CPU.ActiveCfg = Release|Any CPU
		{0DEA3194-8182-F9B6-7DA6-EC723D18BCD4}.Release|Any CPU.Build.0 = Release|Any CPU
		{3027750A-1C7C-68BF-F9D2-0E8DB1AC3EE1}.Debug|Any CPU.ActiveCfg = Debug|Any CPU
		{3027750A-1C7C-68BF-F9D2-0E8DB1AC3EE1}.Debug|Any CPU.Build.0 = Debug|Any CPU
		{3027750A-1C7C-68BF-F9D2-0E8DB1AC3EE1}.Release|Any CPU.ActiveCfg = Release|Any CPU
		{3027750A-1C7C-68BF-F9D2-0E8DB1AC3EE1}.Release|Any CPU.Build.0 = Release|Any CPU
		{72C80ACD-CB10-D0AD-8DE4-5A9E142251A2}.Debug|Any CPU.ActiveCfg = Debug|Any CPU
		{72C80ACD-CB10-D0AD-8DE4-5A9E142251A2}.Debug|Any CPU.Build.0 = Debug|Any CPU
		{72C80ACD-CB10-D0AD-8DE4-5A9E142251A2}.Release|Any CPU.ActiveCfg = Release|Any CPU
		{72C80ACD-CB10-D0AD-8DE4-5A9E142251A2}.Release|Any CPU.Build.0 = Release|Any CPU
		{0E3197FE-DE3E-864E-9BB8-758C0C78EBC4}.Debug|Any CPU.ActiveCfg = Debug|Any CPU
		{0E3197FE-DE3E-864E-9BB8-758C0C78EBC4}.Debug|Any CPU.Build.0 = Debug|Any CPU
		{0E3197FE-DE3E-864E-9BB8-758C0C78EBC4}.Release|Any CPU.ActiveCfg = Release|Any CPU
		{0E3197FE-DE3E-864E-9BB8-758C0C78EBC4}.Release|Any CPU.Build.0 = Release|Any CPU
		{185857C6-B34A-E4F8-2A17-61ED5B65F38E}.Debug|Any CPU.ActiveCfg = Debug|Any CPU
		{185857C6-B34A-E4F8-2A17-61ED5B65F38E}.Debug|Any CPU.Build.0 = Debug|Any CPU
		{185857C6-B34A-E4F8-2A17-61ED5B65F38E}.Release|Any CPU.ActiveCfg = Release|Any CPU
		{185857C6-B34A-E4F8-2A17-61ED5B65F38E}.Release|Any CPU.Build.0 = Release|Any CPU
		{3AF2D78D-AA23-6D8C-02F9-25F086C4FBB4}.Debug|Any CPU.ActiveCfg = Debug|Any CPU
		{3AF2D78D-AA23-6D8C-02F9-25F086C4FBB4}.Debug|Any CPU.Build.0 = Debug|Any CPU
		{3AF2D78D-AA23-6D8C-02F9-25F086C4FBB4}.Release|Any CPU.ActiveCfg = Release|Any CPU
		{3AF2D78D-AA23-6D8C-02F9-25F086C4FBB4}.Release|Any CPU.Build.0 = Release|Any CPU
		{0D6D916C-A73A-B2AB-F44C-3706796E53F4}.Debug|Any CPU.ActiveCfg = Debug|Any CPU
		{0D6D916C-A73A-B2AB-F44C-3706796E53F4}.Debug|Any CPU.Build.0 = Debug|Any CPU
		{0D6D916C-A73A-B2AB-F44C-3706796E53F4}.Release|Any CPU.ActiveCfg = Release|Any CPU
		{0D6D916C-A73A-B2AB-F44C-3706796E53F4}.Release|Any CPU.Build.0 = Release|Any CPU
		{CC86670E-0EA3-A6B5-B11B-E382A8D4B90D}.Debug|Any CPU.ActiveCfg = Debug|Any CPU
		{CC86670E-0EA3-A6B5-B11B-E382A8D4B90D}.Debug|Any CPU.Build.0 = Debug|Any CPU
		{CC86670E-0EA3-A6B5-B11B-E382A8D4B90D}.Release|Any CPU.ActiveCfg = Release|Any CPU
		{CC86670E-0EA3-A6B5-B11B-E382A8D4B90D}.Release|Any CPU.Build.0 = Release|Any CPU
		{87EA31F5-BF43-A113-203D-4D6B7D81450F}.Debug|Any CPU.ActiveCfg = Debug|Any CPU
		{87EA31F5-BF43-A113-203D-4D6B7D81450F}.Debug|Any CPU.Build.0 = Debug|Any CPU
		{87EA31F5-BF43-A113-203D-4D6B7D81450F}.Release|Any CPU.ActiveCfg = Release|Any CPU
		{87EA31F5-BF43-A113-203D-4D6B7D81450F}.Release|Any CPU.Build.0 = Release|Any CPU
		{0CFD1A9C-0228-3D59-C338-51C78425193C}.Debug|Any CPU.ActiveCfg = Debug|Any CPU
		{0CFD1A9C-0228-3D59-C338-51C78425193C}.Debug|Any CPU.Build.0 = Debug|Any CPU
		{0CFD1A9C-0228-3D59-C338-51C78425193C}.Release|Any CPU.ActiveCfg = Release|Any CPU
		{0CFD1A9C-0228-3D59-C338-51C78425193C}.Release|Any CPU.Build.0 = Release|Any CPU
		{9254FE50-1E7B-E00E-F38E-D39740D113F6}.Debug|Any CPU.ActiveCfg = Debug|Any CPU
		{9254FE50-1E7B-E00E-F38E-D39740D113F6}.Debug|Any CPU.Build.0 = Debug|Any CPU
		{9254FE50-1E7B-E00E-F38E-D39740D113F6}.Release|Any CPU.ActiveCfg = Release|Any CPU
		{9254FE50-1E7B-E00E-F38E-D39740D113F6}.Release|Any CPU.Build.0 = Release|Any CPU
		{A3500FFB-C8F7-FF7E-3820-BA705601AD33}.Debug|Any CPU.ActiveCfg = Debug|Any CPU
		{A3500FFB-C8F7-FF7E-3820-BA705601AD33}.Debug|Any CPU.Build.0 = Debug|Any CPU
		{A3500FFB-C8F7-FF7E-3820-BA705601AD33}.Release|Any CPU.ActiveCfg = Release|Any CPU
		{A3500FFB-C8F7-FF7E-3820-BA705601AD33}.Release|Any CPU.Build.0 = Release|Any CPU
		{3800AC0F-EA39-077B-17FA-33398D69D5F9}.Debug|Any CPU.ActiveCfg = Debug|Any CPU
		{3800AC0F-EA39-077B-17FA-33398D69D5F9}.Debug|Any CPU.Build.0 = Debug|Any CPU
		{3800AC0F-EA39-077B-17FA-33398D69D5F9}.Release|Any CPU.ActiveCfg = Release|Any CPU
		{3800AC0F-EA39-077B-17FA-33398D69D5F9}.Release|Any CPU.Build.0 = Release|Any CPU
		{F35F64F4-2C18-EF67-0FD8-13296B3D88A5}.Debug|Any CPU.ActiveCfg = Debug|Any CPU
		{F35F64F4-2C18-EF67-0FD8-13296B3D88A5}.Debug|Any CPU.Build.0 = Debug|Any CPU
		{F35F64F4-2C18-EF67-0FD8-13296B3D88A5}.Release|Any CPU.ActiveCfg = Release|Any CPU
		{F35F64F4-2C18-EF67-0FD8-13296B3D88A5}.Release|Any CPU.Build.0 = Release|Any CPU
		{453B010A-FA41-D5B4-9AE8-A436C9A3B344}.Debug|Any CPU.ActiveCfg = Debug|Any CPU
		{453B010A-FA41-D5B4-9AE8-A436C9A3B344}.Debug|Any CPU.Build.0 = Debug|Any CPU
		{453B010A-FA41-D5B4-9AE8-A436C9A3B344}.Release|Any CPU.ActiveCfg = Release|Any CPU
		{453B010A-FA41-D5B4-9AE8-A436C9A3B344}.Release|Any CPU.Build.0 = Release|Any CPU
		{0F9D613F-743C-E99B-D28A-E0BA56B4CE3A}.Debug|Any CPU.ActiveCfg = Debug|Any CPU
		{0F9D613F-743C-E99B-D28A-E0BA56B4CE3A}.Debug|Any CPU.Build.0 = Debug|Any CPU
		{0F9D613F-743C-E99B-D28A-E0BA56B4CE3A}.Release|Any CPU.ActiveCfg = Release|Any CPU
		{0F9D613F-743C-E99B-D28A-E0BA56B4CE3A}.Release|Any CPU.Build.0 = Release|Any CPU
		{938F4803-AC96-6895-3DDC-A18E30058BDC}.Debug|Any CPU.ActiveCfg = Debug|Any CPU
		{938F4803-AC96-6895-3DDC-A18E30058BDC}.Debug|Any CPU.Build.0 = Debug|Any CPU
		{938F4803-AC96-6895-3DDC-A18E30058BDC}.Release|Any CPU.ActiveCfg = Release|Any CPU
		{938F4803-AC96-6895-3DDC-A18E30058BDC}.Release|Any CPU.Build.0 = Release|Any CPU
		{532F40D5-E84A-93FB-1000-49FDA30EBEA5}.Debug|Any CPU.ActiveCfg = Debug|Any CPU
		{532F40D5-E84A-93FB-1000-49FDA30EBEA5}.Debug|Any CPU.Build.0 = Debug|Any CPU
		{532F40D5-E84A-93FB-1000-49FDA30EBEA5}.Release|Any CPU.ActiveCfg = Release|Any CPU
		{532F40D5-E84A-93FB-1000-49FDA30EBEA5}.Release|Any CPU.Build.0 = Release|Any CPU
		{9609E329-E277-439B-A254-B0A24EC2559C}.Debug|Any CPU.ActiveCfg = Debug|Any CPU
		{9609E329-E277-439B-A254-B0A24EC2559C}.Debug|Any CPU.Build.0 = Debug|Any CPU
		{9609E329-E277-439B-A254-B0A24EC2559C}.Release|Any CPU.ActiveCfg = Release|Any CPU
		{9609E329-E277-439B-A254-B0A24EC2559C}.Release|Any CPU.Build.0 = Release|Any CPU
		{B1B0E86F-FA85-8F42-9A7E-9331DEA5084A}.Debug|Any CPU.ActiveCfg = Debug|Any CPU
		{B1B0E86F-FA85-8F42-9A7E-9331DEA5084A}.Debug|Any CPU.Build.0 = Debug|Any CPU
		{B1B0E86F-FA85-8F42-9A7E-9331DEA5084A}.Release|Any CPU.ActiveCfg = Release|Any CPU
		{B1B0E86F-FA85-8F42-9A7E-9331DEA5084A}.Release|Any CPU.Build.0 = Release|Any CPU
		{9EA41EAB-E6E6-E256-6E19-DD724CFF4C90}.Debug|Any CPU.ActiveCfg = Debug|Any CPU
		{9EA41EAB-E6E6-E256-6E19-DD724CFF4C90}.Debug|Any CPU.Build.0 = Debug|Any CPU
		{9EA41EAB-E6E6-E256-6E19-DD724CFF4C90}.Release|Any CPU.ActiveCfg = Release|Any CPU
		{9EA41EAB-E6E6-E256-6E19-DD724CFF4C90}.Release|Any CPU.Build.0 = Release|Any CPU
		{9DAD1398-456E-A7B6-5705-0C63EDE445CF}.Debug|Any CPU.ActiveCfg = Debug|Any CPU
		{9DAD1398-456E-A7B6-5705-0C63EDE445CF}.Debug|Any CPU.Build.0 = Debug|Any CPU
		{9DAD1398-456E-A7B6-5705-0C63EDE445CF}.Release|Any CPU.ActiveCfg = Release|Any CPU
		{9DAD1398-456E-A7B6-5705-0C63EDE445CF}.Release|Any CPU.Build.0 = Release|Any CPU
		{A696993C-A380-2C4D-98F6-608E8170B92E}.Debug|Any CPU.ActiveCfg = Debug|Any CPU
		{A696993C-A380-2C4D-98F6-608E8170B92E}.Debug|Any CPU.Build.0 = Debug|Any CPU
		{A696993C-A380-2C4D-98F6-608E8170B92E}.Release|Any CPU.ActiveCfg = Release|Any CPU
		{A696993C-A380-2C4D-98F6-608E8170B92E}.Release|Any CPU.Build.0 = Release|Any CPU
		{00B8DC89-87E2-4037-5B82-397B8CC590B0}.Debug|Any CPU.ActiveCfg = Debug|Any CPU
		{00B8DC89-87E2-4037-5B82-397B8CC590B0}.Debug|Any CPU.Build.0 = Debug|Any CPU
		{00B8DC89-87E2-4037-5B82-397B8CC590B0}.Release|Any CPU.ActiveCfg = Release|Any CPU
		{00B8DC89-87E2-4037-5B82-397B8CC590B0}.Release|Any CPU.Build.0 = Release|Any CPU
		{1FFCCD10-4AB5-FEA0-5854-4EB2CE107D2D}.Debug|Any CPU.ActiveCfg = Debug|Any CPU
		{1FFCCD10-4AB5-FEA0-5854-4EB2CE107D2D}.Debug|Any CPU.Build.0 = Debug|Any CPU
		{1FFCCD10-4AB5-FEA0-5854-4EB2CE107D2D}.Release|Any CPU.ActiveCfg = Release|Any CPU
		{1FFCCD10-4AB5-FEA0-5854-4EB2CE107D2D}.Release|Any CPU.Build.0 = Release|Any CPU
		{11CDAF9F-B0E7-A45A-F507-64526D6DB6CA}.Debug|Any CPU.ActiveCfg = Debug|Any CPU
		{11CDAF9F-B0E7-A45A-F507-64526D6DB6CA}.Debug|Any CPU.Build.0 = Debug|Any CPU
		{11CDAF9F-B0E7-A45A-F507-64526D6DB6CA}.Release|Any CPU.ActiveCfg = Release|Any CPU
		{11CDAF9F-B0E7-A45A-F507-64526D6DB6CA}.Release|Any CPU.Build.0 = Release|Any CPU
		{EA0002E9-2537-097C-E2B8-C59E6AB3F1D0}.Debug|Any CPU.ActiveCfg = Debug|Any CPU
		{EA0002E9-2537-097C-E2B8-C59E6AB3F1D0}.Debug|Any CPU.Build.0 = Debug|Any CPU
		{EA0002E9-2537-097C-E2B8-C59E6AB3F1D0}.Release|Any CPU.ActiveCfg = Release|Any CPU
		{EA0002E9-2537-097C-E2B8-C59E6AB3F1D0}.Release|Any CPU.Build.0 = Release|Any CPU
		{F9E1B950-8188-8E16-B029-E2A07D284543}.Debug|Any CPU.ActiveCfg = Debug|Any CPU
		{F9E1B950-8188-8E16-B029-E2A07D284543}.Debug|Any CPU.Build.0 = Debug|Any CPU
		{F9E1B950-8188-8E16-B029-E2A07D284543}.Release|Any CPU.ActiveCfg = Release|Any CPU
		{F9E1B950-8188-8E16-B029-E2A07D284543}.Release|Any CPU.Build.0 = Release|Any CPU
		{C61AB550-AC0A-5F96-F576-9DCAEFA958BD}.Debug|Any CPU.ActiveCfg = Debug|Any CPU
		{C61AB550-AC0A-5F96-F576-9DCAEFA958BD}.Debug|Any CPU.Build.0 = Debug|Any CPU
		{C61AB550-AC0A-5F96-F576-9DCAEFA958BD}.Release|Any CPU.ActiveCfg = Release|Any CPU
		{C61AB550-AC0A-5F96-F576-9DCAEFA958BD}.Release|Any CPU.Build.0 = Release|Any CPU
		{EA48F7AA-01AA-91A8-0F08-84BF1AC58F95}.Debug|Any CPU.ActiveCfg = Debug|Any CPU
		{EA48F7AA-01AA-91A8-0F08-84BF1AC58F95}.Debug|Any CPU.Build.0 = Debug|Any CPU
		{EA48F7AA-01AA-91A8-0F08-84BF1AC58F95}.Release|Any CPU.ActiveCfg = Release|Any CPU
		{EA48F7AA-01AA-91A8-0F08-84BF1AC58F95}.Release|Any CPU.Build.0 = Release|Any CPU
		{26A42CF3-DEEF-6B9E-A794-21AC3690D515}.Debug|Any CPU.ActiveCfg = Debug|Any CPU
		{26A42CF3-DEEF-6B9E-A794-21AC3690D515}.Debug|Any CPU.Build.0 = Debug|Any CPU
		{26A42CF3-DEEF-6B9E-A794-21AC3690D515}.Release|Any CPU.ActiveCfg = Release|Any CPU
		{26A42CF3-DEEF-6B9E-A794-21AC3690D515}.Release|Any CPU.Build.0 = Release|Any CPU
		{7F717B21-5D82-09DE-9796-3BE3AECFABAD}.Debug|Any CPU.ActiveCfg = Debug|Any CPU
		{7F717B21-5D82-09DE-9796-3BE3AECFABAD}.Debug|Any CPU.Build.0 = Debug|Any CPU
		{7F717B21-5D82-09DE-9796-3BE3AECFABAD}.Release|Any CPU.ActiveCfg = Release|Any CPU
		{7F717B21-5D82-09DE-9796-3BE3AECFABAD}.Release|Any CPU.Build.0 = Release|Any CPU
		{975BEB29-E871-A71D-4DD5-36BB1FF037E9}.Debug|Any CPU.ActiveCfg = Debug|Any CPU
		{975BEB29-E871-A71D-4DD5-36BB1FF037E9}.Debug|Any CPU.Build.0 = Debug|Any CPU
		{975BEB29-E871-A71D-4DD5-36BB1FF037E9}.Release|Any CPU.ActiveCfg = Release|Any CPU
		{975BEB29-E871-A71D-4DD5-36BB1FF037E9}.Release|Any CPU.Build.0 = Release|Any CPU
		{FE0CA2B2-5B34-B986-E3B5-B4ED1E4467FF}.Debug|Any CPU.ActiveCfg = Debug|Any CPU
		{FE0CA2B2-5B34-B986-E3B5-B4ED1E4467FF}.Debug|Any CPU.Build.0 = Debug|Any CPU
		{FE0CA2B2-5B34-B986-E3B5-B4ED1E4467FF}.Release|Any CPU.ActiveCfg = Release|Any CPU
		{FE0CA2B2-5B34-B986-E3B5-B4ED1E4467FF}.Release|Any CPU.Build.0 = Release|Any CPU
		{16C67677-1DC6-9F72-4803-93983AEAF30F}.Debug|Any CPU.ActiveCfg = Debug|Any CPU
		{16C67677-1DC6-9F72-4803-93983AEAF30F}.Debug|Any CPU.Build.0 = Debug|Any CPU
		{16C67677-1DC6-9F72-4803-93983AEAF30F}.Release|Any CPU.ActiveCfg = Release|Any CPU
		{16C67677-1DC6-9F72-4803-93983AEAF30F}.Release|Any CPU.Build.0 = Release|Any CPU
	EndGlobalSection
	GlobalSection(SolutionProperties) = preSolution
		HideSolutionNode = FALSE
	EndGlobalSection
EndGlobal
